// !$*UTF8*$!
{
	archiveVersion = 1;
	classes = {
	};
	objectVersion = 46;
	objects = {

/* Begin PBXBuildFile section */
		6977D1C01B1495760081CA46 /* main.m in Sources */ = {isa = PBXBuildFile; fileRef = 6977D1BF1B1495760081CA46 /* main.m */; };
		6977D1C31B1495760081CA46 /* AppDelegate.m in Sources */ = {isa = PBXBuildFile; fileRef = 6977D1C21B1495760081CA46 /* AppDelegate.m */; };
		6977D1CB1B1495760081CA46 /* Images.xcassets in Resources */ = {isa = PBXBuildFile; fileRef = 6977D1CA1B1495760081CA46 /* Images.xcassets */; };
		6977D1DA1B1495760081CA46 /* _526NMTelTests.m in Sources */ = {isa = PBXBuildFile; fileRef = 6977D1D91B1495760081CA46 /* _526NMTelTests.m */; };
		6977D1E51B1497270081CA46 /* BNRItemsViewController.m in Sources */ = {isa = PBXBuildFile; fileRef = 6977D1E41B1497270081CA46 /* BNRItemsViewController.m */; };
		6977D1EB1B14BE0D0081CA46 /* BNRItemStore.m in Sources */ = {isa = PBXBuildFile; fileRef = 6977D1EA1B14BE0D0081CA46 /* BNRItemStore.m */; };
		6977D2081B195E5C0081CA46 /* BNRDetailViewController.m in Sources */ = {isa = PBXBuildFile; fileRef = 6977D2061B195E5C0081CA46 /* BNRDetailViewController.m */; };
		6977D2091B195E5C0081CA46 /* BNRDetailViewController.xib in Resources */ = {isa = PBXBuildFile; fileRef = 6977D2071B195E5C0081CA46 /* BNRDetailViewController.xib */; };
		69A6AD891C565BE00039D314 /* BNRImageTransformer.m in Sources */ = {isa = PBXBuildFile; fileRef = 69A6AD881C565BE00039D314 /* BNRImageTransformer.m */; };
		69BA37431C55C3870090E72D /* BNRImageStore.m in Sources */ = {isa = PBXBuildFile; fileRef = 69BA37421C55C3870090E72D /* BNRImageStore.m */; };
		69D86D3C1C5F5E8B003F6A06 /* NMTel.xcdatamodeld in Sources */ = {isa = PBXBuildFile; fileRef = 69D86D3A1C5F5E8B003F6A06 /* NMTel.xcdatamodeld */; };
		69D86D3F1C5FA242003F6A06 /* BNRItem.m in Sources */ = {isa = PBXBuildFile; fileRef = 69D86D3E1C5FA242003F6A06 /* BNRItem.m */; };
		69E9A95C1B48AF1D0095B29C /* BNRItemStore2.m in Sources */ = {isa = PBXBuildFile; fileRef = 69E9A95B1B48AF1D0095B29C /* BNRItemStore2.m */; };
		69E9A95E1B4979BF0095B29C /* Default-568h@2x.png in Resources */ = {isa = PBXBuildFile; fileRef = 69E9A95D1B4979BF0095B29C /* Default-568h@2x.png */; };
		69F8D1451B1E075500E95D73 /* BNRItemsViewController2.m in Sources */ = {isa = PBXBuildFile; fileRef = 69F8D1441B1E075500E95D73 /* BNRItemsViewController2.m */; };
		69F8D14B1B20AE8200E95D73 /* Hypno.png in Resources */ = {isa = PBXBuildFile; fileRef = 69F8D14A1B20AE8200E95D73 /* Hypno.png */; };
/* End PBXBuildFile section */

/* Begin PBXContainerItemProxy section */
		6977D1D41B1495760081CA46 /* PBXContainerItemProxy */ = {
			isa = PBXContainerItemProxy;
			containerPortal = 6977D1B21B1495760081CA46 /* Project object */;
			proxyType = 1;
			remoteGlobalIDString = 6977D1B91B1495760081CA46;
			remoteInfo = 0526NMTel;
		};
/* End PBXContainerItemProxy section */

/* Begin PBXFileReference section */
		6977D1BA1B1495760081CA46 /* NMTel.app */ = {isa = PBXFileReference; explicitFileType = wrapper.application; includeInIndex = 0; path = NMTel.app; sourceTree = BUILT_PRODUCTS_DIR; };
		6977D1BE1B1495760081CA46 /* Info.plist */ = {isa = PBXFileReference; lastKnownFileType = text.plist.xml; path = Info.plist; sourceTree = "<group>"; };
		6977D1BF1B1495760081CA46 /* main.m */ = {isa = PBXFileReference; lastKnownFileType = sourcecode.c.objc; path = main.m; sourceTree = "<group>"; };
		6977D1C11B1495760081CA46 /* AppDelegate.h */ = {isa = PBXFileReference; lastKnownFileType = sourcecode.c.h; path = AppDelegate.h; sourceTree = "<group>"; };
		6977D1C21B1495760081CA46 /* AppDelegate.m */ = {isa = PBXFileReference; lastKnownFileType = sourcecode.c.objc; path = AppDelegate.m; sourceTree = "<group>"; };
		6977D1CA1B1495760081CA46 /* Images.xcassets */ = {isa = PBXFileReference; lastKnownFileType = folder.assetcatalog; path = Images.xcassets; sourceTree = "<group>"; };
		6977D1D31B1495760081CA46 /* 0526NMTelTests.xctest */ = {isa = PBXFileReference; explicitFileType = wrapper.cfbundle; includeInIndex = 0; path = 0526NMTelTests.xctest; sourceTree = BUILT_PRODUCTS_DIR; };
		6977D1D81B1495760081CA46 /* Info.plist */ = {isa = PBXFileReference; lastKnownFileType = text.plist.xml; path = Info.plist; sourceTree = "<group>"; };
		6977D1D91B1495760081CA46 /* _526NMTelTests.m */ = {isa = PBXFileReference; lastKnownFileType = sourcecode.c.objc; path = _526NMTelTests.m; sourceTree = "<group>"; };
		6977D1E31B1497270081CA46 /* BNRItemsViewController.h */ = {isa = PBXFileReference; fileEncoding = 4; lastKnownFileType = sourcecode.c.h; path = BNRItemsViewController.h; sourceTree = "<group>"; };
		6977D1E41B1497270081CA46 /* BNRItemsViewController.m */ = {isa = PBXFileReference; fileEncoding = 4; lastKnownFileType = sourcecode.c.objc; path = BNRItemsViewController.m; sourceTree = "<group>"; };
		6977D1E91B14BE0D0081CA46 /* BNRItemStore.h */ = {isa = PBXFileReference; fileEncoding = 4; lastKnownFileType = sourcecode.c.h; path = BNRItemStore.h; sourceTree = "<group>"; };
		6977D1EA1B14BE0D0081CA46 /* BNRItemStore.m */ = {isa = PBXFileReference; fileEncoding = 4; lastKnownFileType = sourcecode.c.objc; path = BNRItemStore.m; sourceTree = "<group>"; };
		6977D2051B195E5C0081CA46 /* BNRDetailViewController.h */ = {isa = PBXFileReference; fileEncoding = 4; lastKnownFileType = sourcecode.c.h; path = BNRDetailViewController.h; sourceTree = "<group>"; };
		6977D2061B195E5C0081CA46 /* BNRDetailViewController.m */ = {isa = PBXFileReference; fileEncoding = 4; lastKnownFileType = sourcecode.c.objc; path = BNRDetailViewController.m; sourceTree = "<group>"; };
		6977D2071B195E5C0081CA46 /* BNRDetailViewController.xib */ = {isa = PBXFileReference; fileEncoding = 4; lastKnownFileType = file.xib; path = BNRDetailViewController.xib; sourceTree = "<group>"; };
		69A6AD871C565BE00039D314 /* BNRImageTransformer.h */ = {isa = PBXFileReference; fileEncoding = 4; lastKnownFileType = sourcecode.c.h; path = BNRImageTransformer.h; sourceTree = "<group>"; };
		69A6AD881C565BE00039D314 /* BNRImageTransformer.m */ = {isa = PBXFileReference; fileEncoding = 4; lastKnownFileType = sourcecode.c.objc; path = BNRImageTransformer.m; sourceTree = "<group>"; };
		69BA37411C55C3870090E72D /* BNRImageStore.h */ = {isa = PBXFileReference; fileEncoding = 4; lastKnownFileType = sourcecode.c.h; path = BNRImageStore.h; sourceTree = "<group>"; };
		69BA37421C55C3870090E72D /* BNRImageStore.m */ = {isa = PBXFileReference; fileEncoding = 4; lastKnownFileType = sourcecode.c.objc; path = BNRImageStore.m; sourceTree = "<group>"; };
		69D86D3B1C5F5E8B003F6A06 /* NMTel.xcdatamodel */ = {isa = PBXFileReference; lastKnownFileType = wrapper.xcdatamodel; path = NMTel.xcdatamodel; sourceTree = "<group>"; };
		69D86D3D1C5FA242003F6A06 /* BNRItem.h */ = {isa = PBXFileReference; fileEncoding = 4; lastKnownFileType = sourcecode.c.h; path = BNRItem.h; sourceTree = "<group>"; };
		69D86D3E1C5FA242003F6A06 /* BNRItem.m */ = {isa = PBXFileReference; fileEncoding = 4; lastKnownFileType = sourcecode.c.objc; path = BNRItem.m; sourceTree = "<group>"; };
		69E9A95A1B48AF1D0095B29C /* BNRItemStore2.h */ = {isa = PBXFileReference; fileEncoding = 4; lastKnownFileType = sourcecode.c.h; path = BNRItemStore2.h; sourceTree = "<group>"; };
		69E9A95B1B48AF1D0095B29C /* BNRItemStore2.m */ = {isa = PBXFileReference; fileEncoding = 4; lastKnownFileType = sourcecode.c.objc; path = BNRItemStore2.m; sourceTree = "<group>"; };
		69E9A95D1B4979BF0095B29C /* Default-568h@2x.png */ = {isa = PBXFileReference; lastKnownFileType = image.png; path = "Default-568h@2x.png"; sourceTree = "<group>"; };
		69F8D1431B1E075500E95D73 /* BNRItemsViewController2.h */ = {isa = PBXFileReference; fileEncoding = 4; lastKnownFileType = sourcecode.c.h; path = BNRItemsViewController2.h; sourceTree = "<group>"; };
		69F8D1441B1E075500E95D73 /* BNRItemsViewController2.m */ = {isa = PBXFileReference; fileEncoding = 4; lastKnownFileType = sourcecode.c.objc; path = BNRItemsViewController2.m; sourceTree = "<group>"; };
		69F8D14A1B20AE8200E95D73 /* Hypno.png */ = {isa = PBXFileReference; lastKnownFileType = image.png; path = Hypno.png; sourceTree = "<group>"; };
/* End PBXFileReference section */

/* Begin PBXFrameworksBuildPhase section */
		6977D1B71B1495760081CA46 /* Frameworks */ = {
			isa = PBXFrameworksBuildPhase;
			buildActionMask = 2147483647;
			files = (
			);
			runOnlyForDeploymentPostprocessing = 0;
		};
		6977D1D01B1495760081CA46 /* Frameworks */ = {
			isa = PBXFrameworksBuildPhase;
			buildActionMask = 2147483647;
			files = (
			);
			runOnlyForDeploymentPostprocessing = 0;
		};
/* End PBXFrameworksBuildPhase section */

/* Begin PBXGroup section */
		6977D1B11B1495760081CA46 = {
			isa = PBXGroup;
			children = (
				69E9A95D1B4979BF0095B29C /* Default-568h@2x.png */,
				6977D1BC1B1495760081CA46 /* 0526NMTel */,
				6977D1D61B1495760081CA46 /* 0526NMTelTests */,
				6977D1BB1B1495760081CA46 /* Products */,
			);
			sourceTree = "<group>";
		};
		6977D1BB1B1495760081CA46 /* Products */ = {
			isa = PBXGroup;
			children = (
				6977D1BA1B1495760081CA46 /* NMTel.app */,
				6977D1D31B1495760081CA46 /* 0526NMTelTests.xctest */,
			);
			name = Products;
			sourceTree = "<group>";
		};
		6977D1BC1B1495760081CA46 /* 0526NMTel */ = {
			isa = PBXGroup;
			children = (
				6977D1C11B1495760081CA46 /* AppDelegate.h */,
				6977D1C21B1495760081CA46 /* AppDelegate.m */,
				6977D2051B195E5C0081CA46 /* BNRDetailViewController.h */,
				6977D2061B195E5C0081CA46 /* BNRDetailViewController.m */,
				69D86D3A1C5F5E8B003F6A06 /* NMTel.xcdatamodeld */,
				69D86D3D1C5FA242003F6A06 /* BNRItem.h */,
				69D86D3E1C5FA242003F6A06 /* BNRItem.m */,
				69BA37411C55C3870090E72D /* BNRImageStore.h */,
				69BA37421C55C3870090E72D /* BNRImageStore.m */,
				6977D2071B195E5C0081CA46 /* BNRDetailViewController.xib */,
				6977D1E31B1497270081CA46 /* BNRItemsViewController.h */,
				69F8D1431B1E075500E95D73 /* BNRItemsViewController2.h */,
				69F8D1441B1E075500E95D73 /* BNRItemsViewController2.m */,
				69A6AD871C565BE00039D314 /* BNRImageTransformer.h */,
				69A6AD881C565BE00039D314 /* BNRImageTransformer.m */,
				69F8D14A1B20AE8200E95D73 /* Hypno.png */,
				6977D1E91B14BE0D0081CA46 /* BNRItemStore.h */,
				6977D1EA1B14BE0D0081CA46 /* BNRItemStore.m */,
				69E9A95A1B48AF1D0095B29C /* BNRItemStore2.h */,
				69E9A95B1B48AF1D0095B29C /* BNRItemStore2.m */,
				6977D1E41B1497270081CA46 /* BNRItemsViewController.m */,
				6977D1CA1B1495760081CA46 /* Images.xcassets */,
				6977D1BD1B1495760081CA46 /* Supporting Files */,
			);
			path = 0526NMTel;
			sourceTree = "<group>";
		};
		6977D1BD1B1495760081CA46 /* Supporting Files */ = {
			isa = PBXGroup;
			children = (
				6977D1BE1B1495760081CA46 /* Info.plist */,
				6977D1BF1B1495760081CA46 /* main.m */,
			);
			name = "Supporting Files";
			sourceTree = "<group>";
		};
		6977D1D61B1495760081CA46 /* 0526NMTelTests */ = {
			isa = PBXGroup;
			children = (
				6977D1D91B1495760081CA46 /* _526NMTelTests.m */,
				6977D1D71B1495760081CA46 /* Supporting Files */,
			);
			path = 0526NMTelTests;
			sourceTree = "<group>";
		};
		6977D1D71B1495760081CA46 /* Supporting Files */ = {
			isa = PBXGroup;
			children = (
				6977D1D81B1495760081CA46 /* Info.plist */,
			);
			name = "Supporting Files";
			sourceTree = "<group>";
		};
/* End PBXGroup section */

/* Begin PBXNativeTarget section */
		6977D1B91B1495760081CA46 /* 0526NMTel */ = {
			isa = PBXNativeTarget;
			buildConfigurationList = 6977D1DD1B1495760081CA46 /* Build configuration list for PBXNativeTarget "0526NMTel" */;
			buildPhases = (
				6977D1B61B1495760081CA46 /* Sources */,
				6977D1B71B1495760081CA46 /* Frameworks */,
				6977D1B81B1495760081CA46 /* Resources */,
			);
			buildRules = (
			);
			dependencies = (
			);
			name = 0526NMTel;
			productName = 0526NMTel;
			productReference = 6977D1BA1B1495760081CA46 /* NMTel.app */;
			productType = "com.apple.product-type.application";
		};
		6977D1D21B1495760081CA46 /* 0526NMTelTests */ = {
			isa = PBXNativeTarget;
			buildConfigurationList = 6977D1E01B1495760081CA46 /* Build configuration list for PBXNativeTarget "0526NMTelTests" */;
			buildPhases = (
				6977D1CF1B1495760081CA46 /* Sources */,
				6977D1D01B1495760081CA46 /* Frameworks */,
				6977D1D11B1495760081CA46 /* Resources */,
			);
			buildRules = (
			);
			dependencies = (
				6977D1D51B1495760081CA46 /* PBXTargetDependency */,
			);
			name = 0526NMTelTests;
			productName = 0526NMTelTests;
			productReference = 6977D1D31B1495760081CA46 /* 0526NMTelTests.xctest */;
			productType = "com.apple.product-type.bundle.unit-test";
		};
/* End PBXNativeTarget section */

/* Begin PBXProject section */
		6977D1B21B1495760081CA46 /* Project object */ = {
			isa = PBXProject;
			attributes = {
				LastUpgradeCheck = 0630;
				ORGANIZATIONNAME = "Zhixue Li";
				TargetAttributes = {
					6977D1B91B1495760081CA46 = {
						CreatedOnToolsVersion = 6.3.1;
					};
					6977D1D21B1495760081CA46 = {
						CreatedOnToolsVersion = 6.3.1;
						TestTargetID = 6977D1B91B1495760081CA46;
					};
				};
			};
			buildConfigurationList = 6977D1B51B1495760081CA46 /* Build configuration list for PBXProject "0526NMTel" */;
			compatibilityVersion = "Xcode 3.2";
			developmentRegion = English;
			hasScannedForEncodings = 0;
			knownRegions = (
				en,
				Base,
			);
			mainGroup = 6977D1B11B1495760081CA46;
			productRefGroup = 6977D1BB1B1495760081CA46 /* Products */;
			projectDirPath = "";
			projectRoot = "";
			targets = (
				6977D1B91B1495760081CA46 /* 0526NMTel */,
				6977D1D21B1495760081CA46 /* 0526NMTelTests */,
			);
		};
/* End PBXProject section */

/* Begin PBXResourcesBuildPhase section */
		6977D1B81B1495760081CA46 /* Resources */ = {
			isa = PBXResourcesBuildPhase;
			buildActionMask = 2147483647;
			files = (
				6977D2091B195E5C0081CA46 /* BNRDetailViewController.xib in Resources */,
				6977D1CB1B1495760081CA46 /* Images.xcassets in Resources */,
				69F8D14B1B20AE8200E95D73 /* Hypno.png in Resources */,
				69E9A95E1B4979BF0095B29C /* Default-568h@2x.png in Resources */,
			);
			runOnlyForDeploymentPostprocessing = 0;
		};
		6977D1D11B1495760081CA46 /* Resources */ = {
			isa = PBXResourcesBuildPhase;
			buildActionMask = 2147483647;
			files = (
			);
			runOnlyForDeploymentPostprocessing = 0;
		};
/* End PBXResourcesBuildPhase section */

/* Begin PBXSourcesBuildPhase section */
		6977D1B61B1495760081CA46 /* Sources */ = {
			isa = PBXSourcesBuildPhase;
			buildActionMask = 2147483647;
			files = (
				6977D1C31B1495760081CA46 /* AppDelegate.m in Sources */,
				69BA37431C55C3870090E72D /* BNRImageStore.m in Sources */,
				6977D2081B195E5C0081CA46 /* BNRDetailViewController.m in Sources */,
				6977D1E51B1497270081CA46 /* BNRItemsViewController.m in Sources */,
				69D86D3C1C5F5E8B003F6A06 /* NMTel.xcdatamodeld in Sources */,
				6977D1C01B1495760081CA46 /* main.m in Sources */,
				69F8D1451B1E075500E95D73 /* BNRItemsViewController2.m in Sources */,
				6977D1EB1B14BE0D0081CA46 /* BNRItemStore.m in Sources */,
				69E9A95C1B48AF1D0095B29C /* BNRItemStore2.m in Sources */,
				69A6AD891C565BE00039D314 /* BNRImageTransformer.m in Sources */,
				69D86D3F1C5FA242003F6A06 /* BNRItem.m in Sources */,
			);
			runOnlyForDeploymentPostprocessing = 0;
		};
		6977D1CF1B1495760081CA46 /* Sources */ = {
			isa = PBXSourcesBuildPhase;
			buildActionMask = 2147483647;
			files = (
				6977D1DA1B1495760081CA46 /* _526NMTelTests.m in Sources */,
			);
			runOnlyForDeploymentPostprocessing = 0;
		};
/* End PBXSourcesBuildPhase section */

/* Begin PBXTargetDependency section */
		6977D1D51B1495760081CA46 /* PBXTargetDependency */ = {
			isa = PBXTargetDependency;
			target = 6977D1B91B1495760081CA46 /* 0526NMTel */;
			targetProxy = 6977D1D41B1495760081CA46 /* PBXContainerItemProxy */;
		};
/* End PBXTargetDependency section */

/* Begin XCBuildConfiguration section */
		6977D1DB1B1495760081CA46 /* Debug */ = {
			isa = XCBuildConfiguration;
			buildSettings = {
				ALWAYS_SEARCH_USER_PATHS = NO;
				CLANG_CXX_LANGUAGE_STANDARD = "gnu++0x";
				CLANG_CXX_LIBRARY = "libc++";
				CLANG_ENABLE_MODULES = YES;
				CLANG_ENABLE_OBJC_ARC = YES;
				CLANG_WARN_BOOL_CONVERSION = YES;
				CLANG_WARN_CONSTANT_CONVERSION = YES;
				CLANG_WARN_DIRECT_OBJC_ISA_USAGE = YES_ERROR;
				CLANG_WARN_EMPTY_BODY = YES;
				CLANG_WARN_ENUM_CONVERSION = YES;
				CLANG_WARN_INT_CONVERSION = YES;
				CLANG_WARN_OBJC_ROOT_CLASS = YES_ERROR;
				CLANG_WARN_UNREACHABLE_CODE = YES;
				CLANG_WARN__DUPLICATE_METHOD_MATCH = YES;
				"CODE_SIGN_IDENTITY[sdk=iphoneos*]" = "iPhone Developer";
				COPY_PHASE_STRIP = NO;
				DEBUG_INFORMATION_FORMAT = "dwarf-with-dsym";
				ENABLE_STRICT_OBJC_MSGSEND = YES;
				GCC_C_LANGUAGE_STANDARD = gnu99;
				GCC_DYNAMIC_NO_PIC = NO;
				GCC_NO_COMMON_BLOCKS = YES;
				GCC_OPTIMIZATION_LEVEL = 0;
				GCC_PREPROCESSOR_DEFINITIONS = (
					"DEBUG=1",
					"$(inherited)",
				);
				GCC_SYMBOLS_PRIVATE_EXTERN = NO;
				GCC_WARN_64_TO_32_BIT_CONVERSION = YES;
				GCC_WARN_ABOUT_RETURN_TYPE = YES_ERROR;
				GCC_WARN_UNDECLARED_SELECTOR = YES;
				GCC_WARN_UNINITIALIZED_AUTOS = YES_AGGRESSIVE;
				GCC_WARN_UNUSED_FUNCTION = YES;
				GCC_WARN_UNUSED_VARIABLE = YES;
				IPHONEOS_DEPLOYMENT_TARGET = 8.3;
				MTL_ENABLE_DEBUG_INFO = YES;
				ONLY_ACTIVE_ARCH = YES;
				SDKROOT = iphoneos;
			};
			name = Debug;
		};
		6977D1DC1B1495760081CA46 /* Release */ = {
			isa = XCBuildConfiguration;
			buildSettings = {
				ALWAYS_SEARCH_USER_PATHS = NO;
				CLANG_CXX_LANGUAGE_STANDARD = "gnu++0x";
				CLANG_CXX_LIBRARY = "libc++";
				CLANG_ENABLE_MODULES = YES;
				CLANG_ENABLE_OBJC_ARC = YES;
				CLANG_WARN_BOOL_CONVERSION = YES;
				CLANG_WARN_CONSTANT_CONVERSION = YES;
				CLANG_WARN_DIRECT_OBJC_ISA_USAGE = YES_ERROR;
				CLANG_WARN_EMPTY_BODY = YES;
				CLANG_WARN_ENUM_CONVERSION = YES;
				CLANG_WARN_INT_CONVERSION = YES;
				CLANG_WARN_OBJC_ROOT_CLASS = YES_ERROR;
				CLANG_WARN_UNREACHABLE_CODE = YES;
				CLANG_WARN__DUPLICATE_METHOD_MATCH = YES;
				"CODE_SIGN_IDENTITY[sdk=iphoneos*]" = "iPhone Developer";
				COPY_PHASE_STRIP = NO;
				DEBUG_INFORMATION_FORMAT = "dwarf-with-dsym";
				ENABLE_NS_ASSERTIONS = NO;
				ENABLE_STRICT_OBJC_MSGSEND = YES;
				GCC_C_LANGUAGE_STANDARD = gnu99;
				GCC_NO_COMMON_BLOCKS = YES;
				GCC_WARN_64_TO_32_BIT_CONVERSION = YES;
				GCC_WARN_ABOUT_RETURN_TYPE = YES_ERROR;
				GCC_WARN_UNDECLARED_SELECTOR = YES;
				GCC_WARN_UNINITIALIZED_AUTOS = YES_AGGRESSIVE;
				GCC_WARN_UNUSED_FUNCTION = YES;
				GCC_WARN_UNUSED_VARIABLE = YES;
				IPHONEOS_DEPLOYMENT_TARGET = 8.3;
				MTL_ENABLE_DEBUG_INFO = NO;
				SDKROOT = iphoneos;
				VALIDATE_PRODUCT = YES;
			};
			name = Release;
		};
		6977D1DE1B1495760081CA46 /* Debug */ = {
			isa = XCBuildConfiguration;
			buildSettings = {
				ASSETCATALOG_COMPILER_APPICON_NAME = AppIcon;
				INFOPLIST_FILE = 0526NMTel/Info.plist;
				LD_RUNPATH_SEARCH_PATHS = "$(inherited) @executable_path/Frameworks";
				PRODUCT_NAME = NMTel;
			};
			name = Debug;
		};
		6977D1DF1B1495760081CA46 /* Release */ = {
			isa = XCBuildConfiguration;
			buildSettings = {
				ASSETCATALOG_COMPILER_APPICON_NAME = AppIcon;
				INFOPLIST_FILE = 0526NMTel/Info.plist;
				LD_RUNPATH_SEARCH_PATHS = "$(inherited) @executable_path/Frameworks";
				PRODUCT_NAME = NMTel;
			};
			name = Release;
		};
		6977D1E11B1495760081CA46 /* Debug */ = {
			isa = XCBuildConfiguration;
			buildSettings = {
				BUNDLE_LOADER = "$(TEST_HOST)";
				FRAMEWORK_SEARCH_PATHS = (
					"$(SDKROOT)/Developer/Library/Frameworks",
					"$(inherited)",
				);
				GCC_PREPROCESSOR_DEFINITIONS = (
					"DEBUG=1",
					"$(inherited)",
				);
				INFOPLIST_FILE = 0526NMTelTests/Info.plist;
				LD_RUNPATH_SEARCH_PATHS = "$(inherited) @executable_path/Frameworks @loader_path/Frameworks";
				PRODUCT_NAME = "$(TARGET_NAME)";
				TEST_HOST = "$(BUILT_PRODUCTS_DIR)/0526NMTel.app/0526NMTel";
			};
			name = Debug;
		};
		6977D1E21B1495760081CA46 /* Release */ = {
			isa = XCBuildConfiguration;
			buildSettings = {
				BUNDLE_LOADER = "$(TEST_HOST)";
				FRAMEWORK_SEARCH_PATHS = (
					"$(SDKROOT)/Developer/Library/Frameworks",
					"$(inherited)",
				);
				INFOPLIST_FILE = 0526NMTelTests/Info.plist;
				LD_RUNPATH_SEARCH_PATHS = "$(inherited) @executable_path/Frameworks @loader_path/Frameworks";
				PRODUCT_NAME = "$(TARGET_NAME)";
				TEST_HOST = "$(BUILT_PRODUCTS_DIR)/0526NMTel.app/0526NMTel";
			};
			name = Release;
		};
/* End XCBuildConfiguration section */

/* Begin XCConfigurationList section */
		6977D1B51B1495760081CA46 /* Build configuration list for PBXProject "0526NMTel" */ = {
			isa = XCConfigurationList;
			buildConfigurations = (
				6977D1DB1B1495760081CA46 /* Debug */,
				6977D1DC1B1495760081CA46 /* Release */,
			);
			defaultConfigurationIsVisible = 0;
			defaultConfigurationName = Release;
		};
		6977D1DD1B1495760081CA46 /* Build configuration list for PBXNativeTarget "0526NMTel" */ = {
			isa = XCConfigurationList;
			buildConfigurations = (
				6977D1DE1B1495760081CA46 /* Debug */,
				6977D1DF1B1495760081CA46 /* Release */,
			);
			defaultConfigurationIsVisible = 0;
			defaultConfigurationName = Release;
		};
		6977D1E01B1495760081CA46 /* Build configuration list for PBXNativeTarget "0526NMTelTests" */ = {
			isa = XCConfigurationList;
			buildConfigurations = (
				6977D1E11B1495760081CA46 /* Debug */,
				6977D1E21B1495760081CA46 /* Release */,
			);
			defaultConfigurationIsVisible = 0;
			defaultConfigurationName = Release;
		};
/* End XCConfigurationList section */

/* Begin XCVersionGroup section */
		69D86D3A1C5F5E8B003F6A06 /* NMTel.xcdatamodeld */ = {
			isa = XCVersionGroup;
			children = (
				69D86D3B1C5F5E8B003F6A06 /* NMTel.xcdatamodel */,
			);
			currentVersion = 69D86D3B1C5F5E8B003F6A06 /* NMTel.xcdatamodel */;
			path = NMTel.xcdatamodeld;
			sourceTree = "<group>";
			versionGroupType = wrapper.xcdatamodel;
		};
/* End XCVersionGroup section */
	};
	rootObject = 6977D1B21B1495760081CA46 /* Project object */;
}
